// !$*UTF8*$!
{
	archiveVersion = 1;
	classes = {
	};
	objectVersion = 70;
	objects = {

/* Begin PBXBuildFile section */
		A917B6072CFEFBC800A5EF48 /* CardsModel.swift in Sources */ = {isa = PBXBuildFile; fileRef = A917B6062CFEFBC200A5EF48 /* CardsModel.swift */; };
		A917B60F2D00363200A5EF48 /* View.swift in Sources */ = {isa = PBXBuildFile; fileRef = A917B60E2D00363200A5EF48 /* View.swift */; };
		A919E2242D02E1B6005AAA8D /* DestinationView.swift in Sources */ = {isa = PBXBuildFile; fileRef = A919E2232D02E1B6005AAA8D /* DestinationView.swift */; };
		A919E2262D02F23D005AAA8D /* HomeViewModel.swift in Sources */ = {isa = PBXBuildFile; fileRef = A919E2252D02F23D005AAA8D /* HomeViewModel.swift */; };
		A919E2342D02F58B005AAA8D /* Roboto-BoldItalic.ttf in Resources */ = {isa = PBXBuildFile; fileRef = A919E22B2D02F58B005AAA8D /* Roboto-BoldItalic.ttf */; };
		A919E2352D02F58B005AAA8D /* Roboto-Italic.ttf in Resources */ = {isa = PBXBuildFile; fileRef = A919E22C2D02F58B005AAA8D /* Roboto-Italic.ttf */; };
		A919E2362D02F58B005AAA8D /* Roboto-Bold.ttf in Resources */ = {isa = PBXBuildFile; fileRef = A919E22A2D02F58B005AAA8D /* Roboto-Bold.ttf */; };
		A919E2372D02F58B005AAA8D /* Roboto-LightItalic.ttf in Resources */ = {isa = PBXBuildFile; fileRef = A919E22E2D02F58B005AAA8D /* Roboto-LightItalic.ttf */; };
		A919E2382D02F58B005AAA8D /* Roboto-Black.ttf in Resources */ = {isa = PBXBuildFile; fileRef = A919E2282D02F58B005AAA8D /* Roboto-Black.ttf */; };
		A919E2392D02F58B005AAA8D /* Roboto-Medium.ttf in Resources */ = {isa = PBXBuildFile; fileRef = A919E22F2D02F58B005AAA8D /* Roboto-Medium.ttf */; };
		A919E23A2D02F58B005AAA8D /* Roboto-MediumItalic.ttf in Resources */ = {isa = PBXBuildFile; fileRef = A919E2302D02F58B005AAA8D /* Roboto-MediumItalic.ttf */; };
		A919E23B2D02F58B005AAA8D /* Roboto-Regular.ttf in Resources */ = {isa = PBXBuildFile; fileRef = A919E2312D02F58B005AAA8D /* Roboto-Regular.ttf */; };
		A919E23C2D02F58B005AAA8D /* Roboto-Thin.ttf in Resources */ = {isa = PBXBuildFile; fileRef = A919E2322D02F58B005AAA8D /* Roboto-Thin.ttf */; };
		A919E23D2D02F58B005AAA8D /* Roboto-BlackItalic.ttf in Resources */ = {isa = PBXBuildFile; fileRef = A919E2292D02F58B005AAA8D /* Roboto-BlackItalic.ttf */; };
		A919E23E2D02F58B005AAA8D /* Roboto-Light.ttf in Resources */ = {isa = PBXBuildFile; fileRef = A919E22D2D02F58B005AAA8D /* Roboto-Light.ttf */; };
		A919E23F2D02F58B005AAA8D /* Roboto-ThinItalic.ttf in Resources */ = {isa = PBXBuildFile; fileRef = A919E2332D02F58B005AAA8D /* Roboto-ThinItalic.ttf */; };
		A919E2422D02F80E005AAA8D /* Font.swift in Sources */ = {isa = PBXBuildFile; fileRef = A919E2412D02F80E005AAA8D /* Font.swift */; };
		A919E2442D06CF8E005AAA8D /* WeatherModel.swift in Sources */ = {isa = PBXBuildFile; fileRef = A919E2432D06CF6C005AAA8D /* WeatherModel.swift */; };
		A919E2462D06D10E005AAA8D /* WeatherViewModel.swift in Sources */ = {isa = PBXBuildFile; fileRef = A919E2452D06D10E005AAA8D /* WeatherViewModel.swift */; };
		A919E2492D06FFD1005AAA8D /* LocationManager.swift in Sources */ = {isa = PBXBuildFile; fileRef = A919E2482D06FFC8005AAA8D /* LocationManager.swift */; };
		A924FF242D097D2900D61746 /* LocalDataManager.swift in Sources */ = {isa = PBXBuildFile; fileRef = A924FF232D097D1E00D61746 /* LocalDataManager.swift */; };
		A924FF262D0985F200D61746 /* Color.swift in Sources */ = {isa = PBXBuildFile; fileRef = A924FF252D0985F200D61746 /* Color.swift */; };
		A924FF292D098EE000D61746 /* SceneKit.framework in Frameworks */ = {isa = PBXBuildFile; fileRef = A924FF282D098EE000D61746 /* SceneKit.framework */; };
		A924FF2E2D0990F000D61746 /* Globe3DView.swift in Sources */ = {isa = PBXBuildFile; fileRef = A924FF2D2D0990F000D61746 /* Globe3DView.swift */; };
		A924FF312D09913B00D61746 /* DestinationsSelectionView.swift in Sources */ = {isa = PBXBuildFile; fileRef = A924FF302D09913B00D61746 /* DestinationsSelectionView.swift */; };
		A98736BB2C9AE2E300ED4F60 /* Trail_BlazeApp.swift in Sources */ = {isa = PBXBuildFile; fileRef = A98736BA2C9AE2E300ED4F60 /* Trail_BlazeApp.swift */; };
		A98736BD2C9AE2E300ED4F60 /* ContentView.swift in Sources */ = {isa = PBXBuildFile; fileRef = A98736BC2C9AE2E300ED4F60 /* ContentView.swift */; };
		A98736BF2C9AE2E300ED4F60 /* Assets.xcassets in Resources */ = {isa = PBXBuildFile; fileRef = A98736BE2C9AE2E300ED4F60 /* Assets.xcassets */; };
		A98736C22C9AE2E300ED4F60 /* Preview Assets.xcassets in Resources */ = {isa = PBXBuildFile; fileRef = A98736C12C9AE2E300ED4F60 /* Preview Assets.xcassets */; };
		A9C8AB702D2BDA88002EDA2D /* CountryModel.swift in Sources */ = {isa = PBXBuildFile; fileRef = A9C8AB6F2D2BDA87002EDA2D /* CountryModel.swift */; };
		A9C8AB722D2BDD3C002EDA2D /* DestinationSelectionViewModel.swift in Sources */ = {isa = PBXBuildFile; fileRef = A9C8AB712D2BDD3C002EDA2D /* DestinationSelectionViewModel.swift */; };
/* End PBXBuildFile section */

/* Begin PBXFileReference section */
		A917B6062CFEFBC200A5EF48 /* CardsModel.swift */ = {isa = PBXFileReference; lastKnownFileType = sourcecode.swift; path = CardsModel.swift; sourceTree = "<group>"; };
		A917B60E2D00363200A5EF48 /* View.swift */ = {isa = PBXFileReference; lastKnownFileType = sourcecode.swift; path = View.swift; sourceTree = "<group>"; };
		A919E2232D02E1B6005AAA8D /* DestinationView.swift */ = {isa = PBXFileReference; lastKnownFileType = sourcecode.swift; path = DestinationView.swift; sourceTree = "<group>"; };
		A919E2252D02F23D005AAA8D /* HomeViewModel.swift */ = {isa = PBXFileReference; lastKnownFileType = sourcecode.swift; path = HomeViewModel.swift; sourceTree = "<group>"; };
		A919E2282D02F58B005AAA8D /* Roboto-Black.ttf */ = {isa = PBXFileReference; lastKnownFileType = file; path = "Roboto-Black.ttf"; sourceTree = "<group>"; };
		A919E2292D02F58B005AAA8D /* Roboto-BlackItalic.ttf */ = {isa = PBXFileReference; lastKnownFileType = file; path = "Roboto-BlackItalic.ttf"; sourceTree = "<group>"; };
		A919E22A2D02F58B005AAA8D /* Roboto-Bold.ttf */ = {isa = PBXFileReference; lastKnownFileType = file; path = "Roboto-Bold.ttf"; sourceTree = "<group>"; };
		A919E22B2D02F58B005AAA8D /* Roboto-BoldItalic.ttf */ = {isa = PBXFileReference; lastKnownFileType = file; path = "Roboto-BoldItalic.ttf"; sourceTree = "<group>"; };
		A919E22C2D02F58B005AAA8D /* Roboto-Italic.ttf */ = {isa = PBXFileReference; lastKnownFileType = file; path = "Roboto-Italic.ttf"; sourceTree = "<group>"; };
		A919E22D2D02F58B005AAA8D /* Roboto-Light.ttf */ = {isa = PBXFileReference; lastKnownFileType = file; path = "Roboto-Light.ttf"; sourceTree = "<group>"; };
		A919E22E2D02F58B005AAA8D /* Roboto-LightItalic.ttf */ = {isa = PBXFileReference; lastKnownFileType = file; path = "Roboto-LightItalic.ttf"; sourceTree = "<group>"; };
		A919E22F2D02F58B005AAA8D /* Roboto-Medium.ttf */ = {isa = PBXFileReference; lastKnownFileType = file; path = "Roboto-Medium.ttf"; sourceTree = "<group>"; };
		A919E2302D02F58B005AAA8D /* Roboto-MediumItalic.ttf */ = {isa = PBXFileReference; lastKnownFileType = file; path = "Roboto-MediumItalic.ttf"; sourceTree = "<group>"; };
		A919E2312D02F58B005AAA8D /* Roboto-Regular.ttf */ = {isa = PBXFileReference; lastKnownFileType = file; path = "Roboto-Regular.ttf"; sourceTree = "<group>"; };
		A919E2322D02F58B005AAA8D /* Roboto-Thin.ttf */ = {isa = PBXFileReference; lastKnownFileType = file; path = "Roboto-Thin.ttf"; sourceTree = "<group>"; };
		A919E2332D02F58B005AAA8D /* Roboto-ThinItalic.ttf */ = {isa = PBXFileReference; lastKnownFileType = file; path = "Roboto-ThinItalic.ttf"; sourceTree = "<group>"; };
		A919E2402D02F65B005AAA8D /* Trail-Blaze-Info.plist */ = {isa = PBXFileReference; lastKnownFileType = text.plist; path = "Trail-Blaze-Info.plist"; sourceTree = SOURCE_ROOT; };
		A919E2412D02F80E005AAA8D /* Font.swift */ = {isa = PBXFileReference; lastKnownFileType = sourcecode.swift; path = Font.swift; sourceTree = "<group>"; };
		A919E2432D06CF6C005AAA8D /* WeatherModel.swift */ = {isa = PBXFileReference; lastKnownFileType = sourcecode.swift; path = WeatherModel.swift; sourceTree = "<group>"; };
		A919E2452D06D10E005AAA8D /* WeatherViewModel.swift */ = {isa = PBXFileReference; lastKnownFileType = sourcecode.swift; path = WeatherViewModel.swift; sourceTree = "<group>"; };
		A919E2472D06D2E7005AAA8D /* Trail Blaze.entitlements */ = {isa = PBXFileReference; lastKnownFileType = text.plist.entitlements; path = "Trail Blaze.entitlements"; sourceTree = "<group>"; };
		A919E2482D06FFC8005AAA8D /* LocationManager.swift */ = {isa = PBXFileReference; lastKnownFileType = sourcecode.swift; path = LocationManager.swift; sourceTree = "<group>"; };
		A924FF232D097D1E00D61746 /* LocalDataManager.swift */ = {isa = PBXFileReference; lastKnownFileType = sourcecode.swift; path = LocalDataManager.swift; sourceTree = "<group>"; };
		A924FF252D0985F200D61746 /* Color.swift */ = {isa = PBXFileReference; lastKnownFileType = sourcecode.swift; path = Color.swift; sourceTree = "<group>"; };
		A924FF282D098EE000D61746 /* SceneKit.framework */ = {isa = PBXFileReference; lastKnownFileType = wrapper.framework; name = SceneKit.framework; path = System/Library/Frameworks/SceneKit.framework; sourceTree = SDKROOT; };
		A924FF2D2D0990F000D61746 /* Globe3DView.swift */ = {isa = PBXFileReference; lastKnownFileType = sourcecode.swift; path = Globe3DView.swift; sourceTree = "<group>"; };
		A924FF302D09913B00D61746 /* DestinationsSelectionView.swift */ = {isa = PBXFileReference; lastKnownFileType = sourcecode.swift; path = DestinationsSelectionView.swift; sourceTree = "<group>"; };
		A98736B72C9AE2E300ED4F60 /* Trail Blaze.app */ = {isa = PBXFileReference; explicitFileType = wrapper.application; includeInIndex = 0; path = "Trail Blaze.app"; sourceTree = BUILT_PRODUCTS_DIR; };
		A98736BA2C9AE2E300ED4F60 /* Trail_BlazeApp.swift */ = {isa = PBXFileReference; lastKnownFileType = sourcecode.swift; path = Trail_BlazeApp.swift; sourceTree = "<group>"; };
		A98736BC2C9AE2E300ED4F60 /* ContentView.swift */ = {isa = PBXFileReference; lastKnownFileType = sourcecode.swift; path = ContentView.swift; sourceTree = "<group>"; };
		A98736BE2C9AE2E300ED4F60 /* Assets.xcassets */ = {isa = PBXFileReference; lastKnownFileType = folder.assetcatalog; path = Assets.xcassets; sourceTree = "<group>"; };
		A98736C12C9AE2E300ED4F60 /* Preview Assets.xcassets */ = {isa = PBXFileReference; lastKnownFileType = folder.assetcatalog; path = "Preview Assets.xcassets"; sourceTree = "<group>"; };
		A9C8AB6F2D2BDA87002EDA2D /* CountryModel.swift */ = {isa = PBXFileReference; lastKnownFileType = sourcecode.swift; path = CountryModel.swift; sourceTree = "<group>"; };
		A9C8AB712D2BDD3C002EDA2D /* DestinationSelectionViewModel.swift */ = {isa = PBXFileReference; lastKnownFileType = sourcecode.swift; path = DestinationSelectionViewModel.swift; sourceTree = "<group>"; };
/* End PBXFileReference section */

/* Begin PBXFileSystemSynchronizedRootGroup section */
		A917B6052CFEFB5300A5EF48 /* Home */ = {isa = PBXFileSystemSynchronizedRootGroup; explicitFileTypes = {}; explicitFolders = (); path = Home; sourceTree = "<group>"; };
/* End PBXFileSystemSynchronizedRootGroup section */

/* Begin PBXFrameworksBuildPhase section */
		A98736B42C9AE2E300ED4F60 /* Frameworks */ = {
			isa = PBXFrameworksBuildPhase;
			buildActionMask = 2147483647;
			files = (
				A924FF292D098EE000D61746 /* SceneKit.framework in Frameworks */,
			);
			runOnlyForDeploymentPostprocessing = 0;
		};
/* End PBXFrameworksBuildPhase section */

/* Begin PBXGroup section */
		A917B60A2D0035A300A5EF48 /* Managers */ = {
			isa = PBXGroup;
			children = (
				A924FF232D097D1E00D61746 /* LocalDataManager.swift */,
				A919E2482D06FFC8005AAA8D /* LocationManager.swift */,
			);
			path = Managers;
			sourceTree = "<group>";
		};
		A917B60B2D00360C00A5EF48 /* Extensions */ = {
			isa = PBXGroup;
			children = (
				A924FF252D0985F200D61746 /* Color.swift */,
				A919E2412D02F80E005AAA8D /* Font.swift */,
				A917B60E2D00363200A5EF48 /* View.swift */,
			);
			path = Extensions;
			sourceTree = "<group>";
		};
		A919E2222D02E190005AAA8D /* Details */ = {
			isa = PBXGroup;
			children = (
				A919E2232D02E1B6005AAA8D /* DestinationView.swift */,
			);
			path = Details;
			sourceTree = "<group>";
		};
		A919E2272D02F572005AAA8D /* Fonts */ = {
			isa = PBXGroup;
			children = (
				A919E2282D02F58B005AAA8D /* Roboto-Black.ttf */,
				A919E2292D02F58B005AAA8D /* Roboto-BlackItalic.ttf */,
				A919E22A2D02F58B005AAA8D /* Roboto-Bold.ttf */,
				A919E22B2D02F58B005AAA8D /* Roboto-BoldItalic.ttf */,
				A919E22C2D02F58B005AAA8D /* Roboto-Italic.ttf */,
				A919E22D2D02F58B005AAA8D /* Roboto-Light.ttf */,
				A919E22E2D02F58B005AAA8D /* Roboto-LightItalic.ttf */,
				A919E22F2D02F58B005AAA8D /* Roboto-Medium.ttf */,
				A919E2302D02F58B005AAA8D /* Roboto-MediumItalic.ttf */,
				A919E2312D02F58B005AAA8D /* Roboto-Regular.ttf */,
				A919E2322D02F58B005AAA8D /* Roboto-Thin.ttf */,
				A919E2332D02F58B005AAA8D /* Roboto-ThinItalic.ttf */,
			);
			path = Fonts;
			sourceTree = "<group>";
		};
		A924FF272D098EE000D61746 /* Frameworks */ = {
			isa = PBXGroup;
			children = (
				A924FF282D098EE000D61746 /* SceneKit.framework */,
			);
			name = Frameworks;
			sourceTree = "<group>";
		};
		A924FF2C2D0990CB00D61746 /* UIRepresentable */ = {
			isa = PBXGroup;
			children = (
				A924FF2D2D0990F000D61746 /* Globe3DView.swift */,
			);
			path = UIRepresentable;
			sourceTree = "<group>";
		};
		A924FF2F2D09911E00D61746 /* Trails */ = {
			isa = PBXGroup;
			children = (
				A924FF302D09913B00D61746 /* DestinationsSelectionView.swift */,
			);
			path = Trails;
			sourceTree = "<group>";
		};
		A98736AE2C9AE2E300ED4F60 = {
			isa = PBXGroup;
			children = (
				A98736B92C9AE2E300ED4F60 /* Trail Blaze */,
				A924FF272D098EE000D61746 /* Frameworks */,
				A98736B82C9AE2E300ED4F60 /* Products */,
			);
			sourceTree = "<group>";
		};
		A98736B82C9AE2E300ED4F60 /* Products */ = {
			isa = PBXGroup;
			children = (
				A98736B72C9AE2E300ED4F60 /* Trail Blaze.app */,
			);
			name = Products;
			sourceTree = "<group>";
		};
		A98736B92C9AE2E300ED4F60 /* Trail Blaze */ = {
			isa = PBXGroup;
			children = (
				A924FF2C2D0990CB00D61746 /* UIRepresentable */,
				A919E2472D06D2E7005AAA8D /* Trail Blaze.entitlements */,
				A919E2402D02F65B005AAA8D /* Trail-Blaze-Info.plist */,
				A919E2272D02F572005AAA8D /* Fonts */,
				A917B60B2D00360C00A5EF48 /* Extensions */,
				A917B60A2D0035A300A5EF48 /* Managers */,
				A98736CA2C9C079000ED4F60 /* ViewModels */,
				A98736C92C9C078800ED4F60 /* Models */,
				A98736C82C9C078000ED4F60 /* Views */,
				A98736BA2C9AE2E300ED4F60 /* Trail_BlazeApp.swift */,
				A98736BC2C9AE2E300ED4F60 /* ContentView.swift */,
				A98736BE2C9AE2E300ED4F60 /* Assets.xcassets */,
				A98736C02C9AE2E300ED4F60 /* Preview Content */,
			);
			path = "Trail Blaze";
			sourceTree = "<group>";
		};
		A98736C02C9AE2E300ED4F60 /* Preview Content */ = {
			isa = PBXGroup;
			children = (
				A98736C12C9AE2E300ED4F60 /* Preview Assets.xcassets */,
			);
			path = "Preview Content";
			sourceTree = "<group>";
		};
		A98736C82C9C078000ED4F60 /* Views */ = {
			isa = PBXGroup;
			children = (
				A924FF2F2D09911E00D61746 /* Trails */,
				A919E2222D02E190005AAA8D /* Details */,
				A917B6052CFEFB5300A5EF48 /* Home */,
			);
			path = Views;
			sourceTree = "<group>";
		};
		A98736C92C9C078800ED4F60 /* Models */ = {
			isa = PBXGroup;
			children = (
				A919E2432D06CF6C005AAA8D /* WeatherModel.swift */,
				A917B6062CFEFBC200A5EF48 /* CardsModel.swift */,
				A9C8AB6F2D2BDA87002EDA2D /* CountryModel.swift */,
			);
			path = Models;
			sourceTree = "<group>";
		};
		A98736CA2C9C079000ED4F60 /* ViewModels */ = {
			isa = PBXGroup;
			children = (
				A919E2252D02F23D005AAA8D /* HomeViewModel.swift */,
				A919E2452D06D10E005AAA8D /* WeatherViewModel.swift */,
				A9C8AB712D2BDD3C002EDA2D /* DestinationSelectionViewModel.swift */,
			);
			path = ViewModels;
			sourceTree = "<group>";
		};
/* End PBXGroup section */

/* Begin PBXNativeTarget section */
		A98736B62C9AE2E300ED4F60 /* Trail Blaze */ = {
			isa = PBXNativeTarget;
			buildConfigurationList = A98736C52C9AE2E300ED4F60 /* Build configuration list for PBXNativeTarget "Trail Blaze" */;
			buildPhases = (
				A98736B32C9AE2E300ED4F60 /* Sources */,
				A98736B42C9AE2E300ED4F60 /* Frameworks */,
				A98736B52C9AE2E300ED4F60 /* Resources */,
			);
			buildRules = (
			);
			dependencies = (
			);
			fileSystemSynchronizedGroups = (
				A917B6052CFEFB5300A5EF48 /* Home */,
			);
			name = "Trail Blaze";
			productName = "Trail Blaze";
			productReference = A98736B72C9AE2E300ED4F60 /* Trail Blaze.app */;
			productType = "com.apple.product-type.application";
		};
/* End PBXNativeTarget section */

/* Begin PBXProject section */
		A98736AF2C9AE2E300ED4F60 /* Project object */ = {
			isa = PBXProject;
			attributes = {
				BuildIndependentTargetsInParallel = 1;
				LastSwiftUpdateCheck = 1530;
				LastUpgradeCheck = 1530;
				TargetAttributes = {
					A98736B62C9AE2E300ED4F60 = {
						CreatedOnToolsVersion = 15.3;
					};
				};
			};
			buildConfigurationList = A98736B22C9AE2E300ED4F60 /* Build configuration list for PBXProject "Trail Blaze" */;
			compatibilityVersion = "Xcode 14.0";
			developmentRegion = en;
			hasScannedForEncodings = 0;
			knownRegions = (
				en,
				Base,
			);
			mainGroup = A98736AE2C9AE2E300ED4F60;
			productRefGroup = A98736B82C9AE2E300ED4F60 /* Products */;
			projectDirPath = "";
			projectRoot = "";
			targets = (
				A98736B62C9AE2E300ED4F60 /* Trail Blaze */,
			);
		};
/* End PBXProject section */

/* Begin PBXResourcesBuildPhase section */
		A98736B52C9AE2E300ED4F60 /* Resources */ = {
			isa = PBXResourcesBuildPhase;
			buildActionMask = 2147483647;
			files = (
				A98736C22C9AE2E300ED4F60 /* Preview Assets.xcassets in Resources */,
				A98736BF2C9AE2E300ED4F60 /* Assets.xcassets in Resources */,
				A919E2342D02F58B005AAA8D /* Roboto-BoldItalic.ttf in Resources */,
				A919E2352D02F58B005AAA8D /* Roboto-Italic.ttf in Resources */,
				A919E2362D02F58B005AAA8D /* Roboto-Bold.ttf in Resources */,
				A919E2372D02F58B005AAA8D /* Roboto-LightItalic.ttf in Resources */,
				A919E2382D02F58B005AAA8D /* Roboto-Black.ttf in Resources */,
				A919E2392D02F58B005AAA8D /* Roboto-Medium.ttf in Resources */,
				A919E23A2D02F58B005AAA8D /* Roboto-MediumItalic.ttf in Resources */,
				A919E23B2D02F58B005AAA8D /* Roboto-Regular.ttf in Resources */,
				A919E23C2D02F58B005AAA8D /* Roboto-Thin.ttf in Resources */,
				A919E23D2D02F58B005AAA8D /* Roboto-BlackItalic.ttf in Resources */,
				A919E23E2D02F58B005AAA8D /* Roboto-Light.ttf in Resources */,
				A919E23F2D02F58B005AAA8D /* Roboto-ThinItalic.ttf in Resources */,
			);
			runOnlyForDeploymentPostprocessing = 0;
		};
/* End PBXResourcesBuildPhase section */

/* Begin PBXSourcesBuildPhase section */
		A98736B32C9AE2E300ED4F60 /* Sources */ = {
			isa = PBXSourcesBuildPhase;
			buildActionMask = 2147483647;
			files = (
				A917B6072CFEFBC800A5EF48 /* CardsModel.swift in Sources */,
				A9C8AB722D2BDD3C002EDA2D /* DestinationSelectionViewModel.swift in Sources */,
				A924FF312D09913B00D61746 /* DestinationsSelectionView.swift in Sources */,
				A9C8AB702D2BDA88002EDA2D /* CountryModel.swift in Sources */,
				A917B60F2D00363200A5EF48 /* View.swift in Sources */,
				A919E2262D02F23D005AAA8D /* HomeViewModel.swift in Sources */,
				A924FF2E2D0990F000D61746 /* Globe3DView.swift in Sources */,
				A919E2492D06FFD1005AAA8D /* LocationManager.swift in Sources */,
				A924FF262D0985F200D61746 /* Color.swift in Sources */,
				A98736BD2C9AE2E300ED4F60 /* ContentView.swift in Sources */,
				A924FF242D097D2900D61746 /* LocalDataManager.swift in Sources */,
				A919E2442D06CF8E005AAA8D /* WeatherModel.swift in Sources */,
				A919E2462D06D10E005AAA8D /* WeatherViewModel.swift in Sources */,
				A919E2422D02F80E005AAA8D /* Font.swift in Sources */,
				A919E2242D02E1B6005AAA8D /* DestinationView.swift in Sources */,
				A98736BB2C9AE2E300ED4F60 /* Trail_BlazeApp.swift in Sources */,
			);
			runOnlyForDeploymentPostprocessing = 0;
		};
/* End PBXSourcesBuildPhase section */

/* Begin XCBuildConfiguration section */
		A98736C32C9AE2E300ED4F60 /* Debug */ = {
			isa = XCBuildConfiguration;
			buildSettings = {
				ALWAYS_SEARCH_USER_PATHS = NO;
				ASSETCATALOG_COMPILER_GENERATE_SWIFT_ASSET_SYMBOL_EXTENSIONS = YES;
				CLANG_ANALYZER_NONNULL = YES;
				CLANG_ANALYZER_NUMBER_OBJECT_CONVERSION = YES_AGGRESSIVE;
				CLANG_CXX_LANGUAGE_STANDARD = "gnu++20";
				CLANG_ENABLE_MODULES = YES;
				CLANG_ENABLE_OBJC_ARC = YES;
				CLANG_ENABLE_OBJC_WEAK = YES;
				CLANG_WARN_BLOCK_CAPTURE_AUTORELEASING = YES;
				CLANG_WARN_BOOL_CONVERSION = YES;
				CLANG_WARN_COMMA = YES;
				CLANG_WARN_CONSTANT_CONVERSION = YES;
				CLANG_WARN_DEPRECATED_OBJC_IMPLEMENTATIONS = YES;
				CLANG_WARN_DIRECT_OBJC_ISA_USAGE = YES_ERROR;
				CLANG_WARN_DOCUMENTATION_COMMENTS = YES;
				CLANG_WARN_EMPTY_BODY = YES;
				CLANG_WARN_ENUM_CONVERSION = YES;
				CLANG_WARN_INFINITE_RECURSION = YES;
				CLANG_WARN_INT_CONVERSION = YES;
				CLANG_WARN_NON_LITERAL_NULL_CONVERSION = YES;
				CLANG_WARN_OBJC_IMPLICIT_RETAIN_SELF = YES;
				CLANG_WARN_OBJC_LITERAL_CONVERSION = YES;
				CLANG_WARN_OBJC_ROOT_CLASS = YES_ERROR;
				CLANG_WARN_QUOTED_INCLUDE_IN_FRAMEWORK_HEADER = YES;
				CLANG_WARN_RANGE_LOOP_ANALYSIS = YES;
				CLANG_WARN_STRICT_PROTOTYPES = YES;
				CLANG_WARN_SUSPICIOUS_MOVE = YES;
				CLANG_WARN_UNGUARDED_AVAILABILITY = YES_AGGRESSIVE;
				CLANG_WARN_UNREACHABLE_CODE = YES;
				CLANG_WARN__DUPLICATE_METHOD_MATCH = YES;
				COPY_PHASE_STRIP = NO;
				DEBUG_INFORMATION_FORMAT = dwarf;
				ENABLE_STRICT_OBJC_MSGSEND = YES;
				ENABLE_TESTABILITY = YES;
				ENABLE_USER_SCRIPT_SANDBOXING = YES;
				GCC_C_LANGUAGE_STANDARD = gnu17;
				GCC_DYNAMIC_NO_PIC = NO;
				GCC_NO_COMMON_BLOCKS = YES;
				GCC_OPTIMIZATION_LEVEL = 0;
				GCC_PREPROCESSOR_DEFINITIONS = (
					"DEBUG=1",
					"$(inherited)",
				);
				GCC_WARN_64_TO_32_BIT_CONVERSION = YES;
				GCC_WARN_ABOUT_RETURN_TYPE = YES_ERROR;
				GCC_WARN_UNDECLARED_SELECTOR = YES;
				GCC_WARN_UNINITIALIZED_AUTOS = YES_AGGRESSIVE;
				GCC_WARN_UNUSED_FUNCTION = YES;
				GCC_WARN_UNUSED_VARIABLE = YES;
				IPHONEOS_DEPLOYMENT_TARGET = 17.4;
				LOCALIZATION_PREFERS_STRING_CATALOGS = YES;
				MTL_ENABLE_DEBUG_INFO = INCLUDE_SOURCE;
				MTL_FAST_MATH = YES;
				ONLY_ACTIVE_ARCH = YES;
				SDKROOT = iphoneos;
				SWIFT_ACTIVE_COMPILATION_CONDITIONS = "DEBUG $(inherited)";
				SWIFT_OPTIMIZATION_LEVEL = "-Onone";
			};
			name = Debug;
		};
		A98736C42C9AE2E300ED4F60 /* Release */ = {
			isa = XCBuildConfiguration;
			buildSettings = {
				ALWAYS_SEARCH_USER_PATHS = NO;
				ASSETCATALOG_COMPILER_GENERATE_SWIFT_ASSET_SYMBOL_EXTENSIONS = YES;
				CLANG_ANALYZER_NONNULL = YES;
				CLANG_ANALYZER_NUMBER_OBJECT_CONVERSION = YES_AGGRESSIVE;
				CLANG_CXX_LANGUAGE_STANDARD = "gnu++20";
				CLANG_ENABLE_MODULES = YES;
				CLANG_ENABLE_OBJC_ARC = YES;
				CLANG_ENABLE_OBJC_WEAK = YES;
				CLANG_WARN_BLOCK_CAPTURE_AUTORELEASING = YES;
				CLANG_WARN_BOOL_CONVERSION = YES;
				CLANG_WARN_COMMA = YES;
				CLANG_WARN_CONSTANT_CONVERSION = YES;
				CLANG_WARN_DEPRECATED_OBJC_IMPLEMENTATIONS = YES;
				CLANG_WARN_DIRECT_OBJC_ISA_USAGE = YES_ERROR;
				CLANG_WARN_DOCUMENTATION_COMMENTS = YES;
				CLANG_WARN_EMPTY_BODY = YES;
				CLANG_WARN_ENUM_CONVERSION = YES;
				CLANG_WARN_INFINITE_RECURSION = YES;
				CLANG_WARN_INT_CONVERSION = YES;
				CLANG_WARN_NON_LITERAL_NULL_CONVERSION = YES;
				CLANG_WARN_OBJC_IMPLICIT_RETAIN_SELF = YES;
				CLANG_WARN_OBJC_LITERAL_CONVERSION = YES;
				CLANG_WARN_OBJC_ROOT_CLASS = YES_ERROR;
				CLANG_WARN_QUOTED_INCLUDE_IN_FRAMEWORK_HEADER = YES;
				CLANG_WARN_RANGE_LOOP_ANALYSIS = YES;
				CLANG_WARN_STRICT_PROTOTYPES = YES;
				CLANG_WARN_SUSPICIOUS_MOVE = YES;
				CLANG_WARN_UNGUARDED_AVAILABILITY = YES_AGGRESSIVE;
				CLANG_WARN_UNREACHABLE_CODE = YES;
				CLANG_WARN__DUPLICATE_METHOD_MATCH = YES;
				COPY_PHASE_STRIP = NO;
				DEBUG_INFORMATION_FORMAT = "dwarf-with-dsym";
				ENABLE_NS_ASSERTIONS = NO;
				ENABLE_STRICT_OBJC_MSGSEND = YES;
				ENABLE_USER_SCRIPT_SANDBOXING = YES;
				GCC_C_LANGUAGE_STANDARD = gnu17;
				GCC_NO_COMMON_BLOCKS = YES;
				GCC_WARN_64_TO_32_BIT_CONVERSION = YES;
				GCC_WARN_ABOUT_RETURN_TYPE = YES_ERROR;
				GCC_WARN_UNDECLARED_SELECTOR = YES;
				GCC_WARN_UNINITIALIZED_AUTOS = YES_AGGRESSIVE;
				GCC_WARN_UNUSED_FUNCTION = YES;
				GCC_WARN_UNUSED_VARIABLE = YES;
				IPHONEOS_DEPLOYMENT_TARGET = 17.4;
				LOCALIZATION_PREFERS_STRING_CATALOGS = YES;
				MTL_ENABLE_DEBUG_INFO = NO;
				MTL_FAST_MATH = YES;
				SDKROOT = iphoneos;
				SWIFT_COMPILATION_MODE = wholemodule;
				VALIDATE_PRODUCT = YES;
			};
			name = Release;
		};
		A98736C62C9AE2E300ED4F60 /* Debug */ = {
			isa = XCBuildConfiguration;
			buildSettings = {
				ASSETCATALOG_COMPILER_APPICON_NAME = AppIcon;
				ASSETCATALOG_COMPILER_GLOBAL_ACCENT_COLOR_NAME = AccentColor;
				CODE_SIGN_ENTITLEMENTS = "Trail Blaze/Trail Blaze.entitlements";
				"CODE_SIGN_IDENTITY[sdk=iphoneos*]" = "iPhone Developer";
				CODE_SIGN_STYLE = Manual;
				CURRENT_PROJECT_VERSION = 1;
				DEVELOPMENT_ASSET_PATHS = "\"Trail Blaze/Preview Content\"";
				DEVELOPMENT_TEAM = "";
				"DEVELOPMENT_TEAM[sdk=iphoneos*]" = ZK49M3GRKA;
				ENABLE_PREVIEWS = YES;
				GENERATE_INFOPLIST_FILE = YES;
				INFOPLIST_FILE = "Trail-Blaze-Info.plist";
				INFOPLIST_KEY_CFBundleDisplayName = "Trail Blaze";
				INFOPLIST_KEY_LSApplicationCategoryType = "public.app-category.travel";
				INFOPLIST_KEY_NSLocationAlwaysAndWhenInUseUsageDescription = "We need your location to provide weather data";
				INFOPLIST_KEY_NSLocationWhenInUseUsageDescription = "We need your location to provide weather data";
				INFOPLIST_KEY_UIApplicationSceneManifest_Generation = YES;
				INFOPLIST_KEY_UIApplicationSupportsIndirectInputEvents = YES;
				INFOPLIST_KEY_UILaunchScreen_Generation = YES;
				INFOPLIST_KEY_UISupportedInterfaceOrientations_iPad = "UIInterfaceOrientationPortrait UIInterfaceOrientationPortraitUpsideDown UIInterfaceOrientationLandscapeLeft UIInterfaceOrientationLandscapeRight";
				INFOPLIST_KEY_UISupportedInterfaceOrientations_iPhone = "UIInterfaceOrientationPortrait UIInterfaceOrientationLandscapeLeft UIInterfaceOrientationLandscapeRight";
				INFOPLIST_KEY_UIUserInterfaceStyle = Light;
				LD_RUNPATH_SEARCH_PATHS = (
					"$(inherited)",
					"@executable_path/Frameworks",
				);
				MARKETING_VERSION = 1.0.0;
				PRODUCT_BUNDLE_IDENTIFIER = "lk.lucky.Trail-Blaze";
				PRODUCT_NAME = "$(TARGET_NAME)";
				PROVISIONING_PROFILE_SPECIFIER = "";
				"PROVISIONING_PROFILE_SPECIFIER[sdk=iphoneos*]" = "Trail Blaze Dev 11 Dec 2024 X";
				SWIFT_EMIT_LOC_STRINGS = YES;
				SWIFT_VERSION = 5.0;
				TARGETED_DEVICE_FAMILY = "1,2";
			};
			name = Debug;
		};
		A98736C72C9AE2E300ED4F60 /* Release */ = {
			isa = XCBuildConfiguration;
			buildSettings = {
				ASSETCATALOG_COMPILER_APPICON_NAME = AppIcon;
				ASSETCATALOG_COMPILER_GLOBAL_ACCENT_COLOR_NAME = AccentColor;
				CODE_SIGN_ENTITLEMENTS = "Trail Blaze/Trail Blaze.entitlements";
				"CODE_SIGN_IDENTITY[sdk=iphoneos*]" = "iPhone Developer";
				CODE_SIGN_STYLE = Manual;
				CURRENT_PROJECT_VERSION = 1;
				DEVELOPMENT_ASSET_PATHS = "\"Trail Blaze/Preview Content\"";
				DEVELOPMENT_TEAM = "";
				"DEVELOPMENT_TEAM[sdk=iphoneos*]" = ZK49M3GRKA;
				ENABLE_PREVIEWS = YES;
				GENERATE_INFOPLIST_FILE = YES;
				INFOPLIST_FILE = "Trail-Blaze-Info.plist";
				INFOPLIST_KEY_CFBundleDisplayName = "Trail Blaze";
				INFOPLIST_KEY_LSApplicationCategoryType = "public.app-category.travel";
				INFOPLIST_KEY_NSLocationAlwaysAndWhenInUseUsageDescription = "We need your location to provide weather data";
				INFOPLIST_KEY_NSLocationWhenInUseUsageDescription = "We need your location to provide weather data";
				INFOPLIST_KEY_UIApplicationSceneManifest_Generation = YES;
				INFOPLIST_KEY_UIApplicationSupportsIndirectInputEvents = YES;
				INFOPLIST_KEY_UILaunchScreen_Generation = YES;
				INFOPLIST_KEY_UISupportedInterfaceOrientations_iPad = "UIInterfaceOrientationPortrait UIInterfaceOrientationPortraitUpsideDown UIInterfaceOrientationLandscapeLeft UIInterfaceOrientationLandscapeRight";
				INFOPLIST_KEY_UISupportedInterfaceOrientations_iPhone = "UIInterfaceOrientationPortrait UIInterfaceOrientationLandscapeLeft UIInterfaceOrientationLandscapeRight";
				INFOPLIST_KEY_UIUserInterfaceStyle = Light;
				LD_RUNPATH_SEARCH_PATHS = (
					"$(inherited)",
					"@executable_path/Frameworks",
				);
				MARKETING_VERSION = 1.0.0;
				PRODUCT_BUNDLE_IDENTIFIER = "lk.lucky.Trail-Blaze";
				PRODUCT_NAME = "$(TARGET_NAME)";
				PROVISIONING_PROFILE_SPECIFIER = "";
				"PROVISIONING_PROFILE_SPECIFIER[sdk=iphoneos*]" = "Trail Blaze Dev 11 Dec 2024 X";
				SWIFT_EMIT_LOC_STRINGS = YES;
				SWIFT_VERSION = 5.0;
				TARGETED_DEVICE_FAMILY = "1,2";
			};
			name = Release;
		};
/* End XCBuildConfiguration section */

/* Begin XCConfigurationList section */
		A98736B22C9AE2E300ED4F60 /* Build configuration list for PBXProject "Trail Blaze" */ = {
			isa = XCConfigurationList;
			buildConfigurations = (
				A98736C32C9AE2E300ED4F60 /* Debug */,
				A98736C42C9AE2E300ED4F60 /* Release */,
			);
			defaultConfigurationIsVisible = 0;
			defaultConfigurationName = Release;
		};
		A98736C52C9AE2E300ED4F60 /* Build configuration list for PBXNativeTarget "Trail Blaze" */ = {
			isa = XCConfigurationList;
			buildConfigurations = (
				A98736C62C9AE2E300ED4F60 /* Debug */,
				A98736C72C9AE2E300ED4F60 /* Release */,
			);
			defaultConfigurationIsVisible = 0;
			defaultConfigurationName = Release;
		};
/* End XCConfigurationList section */
	};
	rootObject = A98736AF2C9AE2E300ED4F60 /* Project object */;
}
